// !$*UTF8*$!
{
	archiveVersion = 1;
	classes = {
	};
	objectVersion = 45;
	objects = {

/* Begin PBXBuildFile section */
		00CCDB8B135DDA2C00239E85 /* build.sh in Resources */ = {isa = PBXBuildFile; fileRef = 00CCDB8A135DDA2C00239E85 /* build.sh */; };
		00E7B4E5135DE952006B93F4 /* UIKit.framework in Frameworks */ = {isa = PBXBuildFile; fileRef = 00E7B4E4135DE952006B93F4 /* UIKit.framework */; };
		00E7B4E7135DE952006B93F4 /* Foundation.framework in Frameworks */ = {isa = PBXBuildFile; fileRef = 00E7B4E6135DE952006B93F4 /* Foundation.framework */; };
		00E7B4E9135DE952006B93F4 /* CoreGraphics.framework in Frameworks */ = {isa = PBXBuildFile; fileRef = 00E7B4E8135DE952006B93F4 /* CoreGraphics.framework */; };
		00E7B4EF135DE952006B93F4 /* InfoPlist.strings in Resources */ = {isa = PBXBuildFile; fileRef = 00E7B4ED135DE952006B93F4 /* InfoPlist.strings */; };
		00E7B4F2135DE952006B93F4 /* LogicTests.h in Resources */ = {isa = PBXBuildFile; fileRef = 00E7B4F1135DE952006B93F4 /* LogicTests.h */; };
		00E7B4F4135DE952006B93F4 /* LogicTests.m in Sources */ = {isa = PBXBuildFile; fileRef = 00E7B4F3135DE952006B93F4 /* LogicTests.m */; };
		32798B971355804D00CD2667 /* Foundation.framework in Frameworks */ = {isa = PBXBuildFile; fileRef = 32798B961355804D00CD2667 /* Foundation.framework */; };
		32799385135587E900CD2667 /* Info.plist in Resources */ = {isa = PBXBuildFile; fileRef = 32799384135587E900CD2667 /* Info.plist */; };
		875A824D126FFF1F00ECADC2 /* HWAppliance.mm in Sources */ = {isa = PBXBuildFile; fileRef = 875A824A126FFF1F00ECADC2 /* HWAppliance.mm */; };
		875A824E126FFF1F00ECADC2 /* HWBasicMenu.m in Sources */ = {isa = PBXBuildFile; fileRef = 875A824C126FFF1F00ECADC2 /* HWBasicMenu.m */; };
		875A8428126FFF6D00ECADC2 /* Makefile in Sources */ = {isa = PBXBuildFile; fileRef = 875A8427126FFF6D00ECADC2 /* Makefile */; };
		8D5B49B0048680CD000E48DA /* InfoPlist.strings in Resources */ = {isa = PBXBuildFile; fileRef = 089C167DFE841241C02AAC07 /* InfoPlist.strings */; };
/* End PBXBuildFile section */

/* Begin PBXFileReference section */
		00CCDB8A135DDA2C00239E85 /* build.sh */ = {isa = PBXFileReference; fileEncoding = 4; lastKnownFileType = text.script.sh; path = build.sh; sourceTree = "<group>"; };
		00E7B4E2135DE952006B93F4 /* LogicTests.octest */ = {isa = PBXFileReference; explicitFileType = wrapper.cfbundle; includeInIndex = 0; path = LogicTests.octest; sourceTree = BUILT_PRODUCTS_DIR; };
		00E7B4E4135DE952006B93F4 /* UIKit.framework */ = {isa = PBXFileReference; lastKnownFileType = wrapper.framework; name = UIKit.framework; path = System/Library/Frameworks/UIKit.framework; sourceTree = SDKROOT; };
		00E7B4E6135DE952006B93F4 /* Foundation.framework */ = {isa = PBXFileReference; lastKnownFileType = wrapper.framework; name = Foundation.framework; path = System/Library/Frameworks/Foundation.framework; sourceTree = SDKROOT; };
		00E7B4E8135DE952006B93F4 /* CoreGraphics.framework */ = {isa = PBXFileReference; lastKnownFileType = wrapper.framework; name = CoreGraphics.framework; path = System/Library/Frameworks/CoreGraphics.framework; sourceTree = SDKROOT; };
		00E7B4EC135DE952006B93F4 /* LogicTests-Info.plist */ = {isa = PBXFileReference; lastKnownFileType = text.plist.xml; path = "LogicTests-Info.plist"; sourceTree = "<group>"; };
		00E7B4EE135DE952006B93F4 /* en */ = {isa = PBXFileReference; lastKnownFileType = text.plist.strings; name = en; path = en.lproj/InfoPlist.strings; sourceTree = "<group>"; };
		00E7B4F0135DE952006B93F4 /* LogicTests-Prefix.pch */ = {isa = PBXFileReference; lastKnownFileType = sourcecode.c.h; path = "LogicTests-Prefix.pch"; sourceTree = "<group>"; };
		00E7B4F1135DE952006B93F4 /* LogicTests.h */ = {isa = PBXFileReference; lastKnownFileType = sourcecode.c.h; path = LogicTests.h; sourceTree = "<group>"; };
		00E7B4F3135DE952006B93F4 /* LogicTests.m */ = {isa = PBXFileReference; lastKnownFileType = sourcecode.c.objc; path = LogicTests.m; sourceTree = "<group>"; };
		089C1672FE841209C02AAC07 /* Foundation.framework */ = {isa = PBXFileReference; lastKnownFileType = wrapper.framework; name = Foundation.framework; path = /System/Library/Frameworks/Foundation.framework; sourceTree = "<absolute>"; };
		089C167EFE841241C02AAC07 /* English */ = {isa = PBXFileReference; fileEncoding = 4; lastKnownFileType = text.plist.strings; name = English; path = English.lproj/InfoPlist.strings; sourceTree = "<group>"; };
		089C167FFE841241C02AAC07 /* AppKit.framework */ = {isa = PBXFileReference; lastKnownFileType = wrapper.framework; name = AppKit.framework; path = /System/Library/Frameworks/AppKit.framework; sourceTree = "<absolute>"; };
		32798B961355804D00CD2667 /* Foundation.framework */ = {isa = PBXFileReference; lastKnownFileType = wrapper.framework; name = Foundation.framework; path = System/Library/Frameworks/Foundation.framework; sourceTree = SDKROOT; };
		32799384135587E900CD2667 /* Info.plist */ = {isa = PBXFileReference; fileEncoding = 4; lastKnownFileType = text.plist.xml; name = Info.plist; path = Resources/Info.plist; sourceTree = "<group>"; };
		32DBCF630370AF2F00C91783 /* atvTwo_Prefix.pch */ = {isa = PBXFileReference; fileEncoding = 4; lastKnownFileType = sourcecode.c.h; path = atvTwo_Prefix.pch; sourceTree = "<group>"; };
		875A8249126FFF1F00ECADC2 /* BackRowExtras.h */ = {isa = PBXFileReference; fileEncoding = 4; lastKnownFileType = sourcecode.c.h; name = BackRowExtras.h; path = Classes/BackRowExtras.h; sourceTree = "<group>"; };
		875A824A126FFF1F00ECADC2 /* HWAppliance.mm */ = {isa = PBXFileReference; fileEncoding = 4; lastKnownFileType = sourcecode.cpp.objcpp; name = HWAppliance.mm; path = Classes/HWAppliance.mm; sourceTree = "<group>"; };
		875A824B126FFF1F00ECADC2 /* HWBasicMenu.h */ = {isa = PBXFileReference; fileEncoding = 4; lastKnownFileType = sourcecode.c.h; name = HWBasicMenu.h; path = Classes/HWBasicMenu.h; sourceTree = "<group>"; };
		875A824C126FFF1F00ECADC2 /* HWBasicMenu.m */ = {isa = PBXFileReference; fileEncoding = 4; lastKnownFileType = sourcecode.c.objc; name = HWBasicMenu.m; path = Classes/HWBasicMenu.m; sourceTree = "<group>"; };
		875A8253126FFF5300ECADC2 /* BackRow */ = {isa = PBXFileReference; lastKnownFileType = folder; name = BackRow; path = theos/include/BackRow; sourceTree = "<group>"; };
		875A8427126FFF6D00ECADC2 /* Makefile */ = {isa = PBXFileReference; fileEncoding = 4; lastKnownFileType = sourcecode.make; path = Makefile; sourceTree = "<group>"; };
		875A86EB12704ACC00ECADC2 /* theos */ = {isa = PBXFileReference; lastKnownFileType = folder; path = theos; sourceTree = "<group>"; };
		8D5B49B6048680CD000E48DA /* HW.frappliance */ = {isa = PBXFileReference; explicitFileType = wrapper.cfbundle; includeInIndex = 0; path = HW.frappliance; sourceTree = BUILT_PRODUCTS_DIR; };
		D2F7E65807B2D6F200F64583 /* CoreData.framework */ = {isa = PBXFileReference; lastKnownFileType = wrapper.framework; name = CoreData.framework; path = /System/Library/Frameworks/CoreData.framework; sourceTree = "<absolute>"; };
/* End PBXFileReference section */

/* Begin PBXFrameworksBuildPhase section */
		00E7B4DE135DE952006B93F4 /* Frameworks */ = {
			isa = PBXFrameworksBuildPhase;
			buildActionMask = 2147483647;
			files = (
				00E7B4E5135DE952006B93F4 /* UIKit.framework in Frameworks */,
				00E7B4E7135DE952006B93F4 /* Foundation.framework in Frameworks */,
				00E7B4E9135DE952006B93F4 /* CoreGraphics.framework in Frameworks */,
			);
			runOnlyForDeploymentPostprocessing = 0;
		};
		8D5B49B3048680CD000E48DA /* Frameworks */ = {
			isa = PBXFrameworksBuildPhase;
			buildActionMask = 2147483647;
			files = (
				32798B971355804D00CD2667 /* Foundation.framework in Frameworks */,
			);
			runOnlyForDeploymentPostprocessing = 0;
		};
/* End PBXFrameworksBuildPhase section */

/* Begin PBXGroup section */
		00E7B4E3135DE952006B93F4 /* Frameworks */ = {
			isa = PBXGroup;
			children = (
				00E7B4E4135DE952006B93F4 /* UIKit.framework */,
				00E7B4E6135DE952006B93F4 /* Foundation.framework */,
				00E7B4E8135DE952006B93F4 /* CoreGraphics.framework */,
			);
			name = Frameworks;
			sourceTree = "<group>";
		};
		00E7B4EA135DE952006B93F4 /* LogicTests */ = {
			isa = PBXGroup;
			children = (
				00E7B4F1135DE952006B93F4 /* LogicTests.h */,
				00E7B4F3135DE952006B93F4 /* LogicTests.m */,
				00E7B4EB135DE952006B93F4 /* Supporting Files */,
			);
			path = LogicTests;
			sourceTree = "<group>";
		};
		00E7B4EB135DE952006B93F4 /* Supporting Files */ = {
			isa = PBXGroup;
			children = (
				00E7B4EC135DE952006B93F4 /* LogicTests-Info.plist */,
				00E7B4ED135DE952006B93F4 /* InfoPlist.strings */,
				00E7B4F0135DE952006B93F4 /* LogicTests-Prefix.pch */,
			);
			name = "Supporting Files";
			sourceTree = "<group>";
		};
		089C166AFE841209C02AAC07 /* atvTwo */ = {
			isa = PBXGroup;
			children = (
				00CCDB8A135DDA2C00239E85 /* build.sh */,
				875A8427126FFF6D00ECADC2 /* Makefile */,
				875A86EB12704ACC00ECADC2 /* theos */,
				875A8253126FFF5300ECADC2 /* BackRow */,
				08FB77AFFE84173DC02AAC07 /* Classes */,
				32C88E010371C26100C91783 /* Other Sources */,
				089C167CFE841241C02AAC07 /* Resources */,
				089C1671FE841209C02AAC07 /* Frameworks and Libraries */,
				00E7B4EA135DE952006B93F4 /* LogicTests */,
				00E7B4E3135DE952006B93F4 /* Frameworks */,
				19C28FB8FE9D52D311CA2CBB /* Products */,
			);
			name = atvTwo;
			sourceTree = "<group>";
		};
		089C1671FE841209C02AAC07 /* Frameworks and Libraries */ = {
			isa = PBXGroup;
			children = (
				1058C7ACFEA557BF11CA2CBB /* Linked Frameworks */,
				1058C7AEFEA557BF11CA2CBB /* Other Frameworks */,
			);
			name = "Frameworks and Libraries";
			sourceTree = "<group>";
		};
		089C167CFE841241C02AAC07 /* Resources */ = {
			isa = PBXGroup;
			children = (
				32799384135587E900CD2667 /* Info.plist */,
				089C167DFE841241C02AAC07 /* InfoPlist.strings */,
			);
			name = Resources;
			sourceTree = "<group>";
		};
		08FB77AFFE84173DC02AAC07 /* Classes */ = {
			isa = PBXGroup;
			children = (
				875A8249126FFF1F00ECADC2 /* BackRowExtras.h */,
				875A824A126FFF1F00ECADC2 /* HWAppliance.mm */,
				875A824B126FFF1F00ECADC2 /* HWBasicMenu.h */,
				875A824C126FFF1F00ECADC2 /* HWBasicMenu.m */,
			);
			name = Classes;
			sourceTree = "<group>";
		};
		1058C7ACFEA557BF11CA2CBB /* Linked Frameworks */ = {
			isa = PBXGroup;
			children = (
				32798B961355804D00CD2667 /* Foundation.framework */,
			);
			name = "Linked Frameworks";
			sourceTree = "<group>";
		};
		1058C7AEFEA557BF11CA2CBB /* Other Frameworks */ = {
			isa = PBXGroup;
			children = (
				089C167FFE841241C02AAC07 /* AppKit.framework */,
				D2F7E65807B2D6F200F64583 /* CoreData.framework */,
				089C1672FE841209C02AAC07 /* Foundation.framework */,
			);
			name = "Other Frameworks";
			sourceTree = "<group>";
		};
		19C28FB8FE9D52D311CA2CBB /* Products */ = {
			isa = PBXGroup;
			children = (
				8D5B49B6048680CD000E48DA /* HW.frappliance */,
				00E7B4E2135DE952006B93F4 /* LogicTests.octest */,
			);
			name = Products;
			sourceTree = "<group>";
		};
		32C88E010371C26100C91783 /* Other Sources */ = {
			isa = PBXGroup;
			children = (
				32DBCF630370AF2F00C91783 /* atvTwo_Prefix.pch */,
			);
			name = "Other Sources";
			sourceTree = "<group>";
		};
/* End PBXGroup section */

/* Begin PBXNativeTarget section */
		00E7B4E1135DE952006B93F4 /* LogicTests */ = {
			isa = PBXNativeTarget;
			buildConfigurationList = 00E7B4F8135DE952006B93F4 /* Build configuration list for PBXNativeTarget "LogicTests" */;
			buildPhases = (
				00E7B4DD135DE952006B93F4 /* Sources */,
				00E7B4DE135DE952006B93F4 /* Frameworks */,
				00E7B4DF135DE952006B93F4 /* Resources */,
				00E7B4E0135DE952006B93F4 /* ShellScript */,
			);
			buildRules = (
			);
			dependencies = (
			);
			name = LogicTests;
			productName = LogicTests;
			productReference = 00E7B4E2135DE952006B93F4 /* LogicTests.octest */;
			productType = "com.apple.product-type.bundle";
		};
		8D5B49AC048680CD000E48DA /* HelloWorld */ = {
			isa = PBXNativeTarget;
			buildConfigurationList = 1DEB913A08733D840010E9CD /* Build configuration list for PBXNativeTarget "HelloWorld" */;
			buildPhases = (
				8D5B49AF048680CD000E48DA /* Resources */,
				8D5B49B1048680CD000E48DA /* Sources */,
				8D5B49B3048680CD000E48DA /* Frameworks */,
				32798B6313557F9000CD2667 /* ShellScript */,
			);
			buildRules = (
			);
			dependencies = (
			);
			name = HelloWorld;
			productInstallPath = "$(HOME)/Library/Bundles";
			productName = atvTwo;
			productReference = 8D5B49B6048680CD000E48DA /* HW.frappliance */;
			productType = "com.apple.product-type.bundle";
		};
/* End PBXNativeTarget section */

/* Begin PBXProject section */
		089C1669FE841209C02AAC07 /* Project object */ = {
			isa = PBXProject;
			buildConfigurationList = 1DEB913E08733D840010E9CD /* Build configuration list for PBXProject "HelloWorld" */;
			compatibilityVersion = "Xcode 3.1";
			developmentRegion = English;
			hasScannedForEncodings = 1;
			knownRegions = (
				English,
				Japanese,
				French,
				German,
				en,
			);
			mainGroup = 089C166AFE841209C02AAC07 /* atvTwo */;
			projectDirPath = "";
			projectRoot = "";
			targets = (
				8D5B49AC048680CD000E48DA /* HelloWorld */,
				00E7B4E1135DE952006B93F4 /* LogicTests */,
			);
		};
/* End PBXProject section */

/* Begin PBXResourcesBuildPhase section */
		00E7B4DF135DE952006B93F4 /* Resources */ = {
			isa = PBXResourcesBuildPhase;
			buildActionMask = 2147483647;
			files = (
				00E7B4EF135DE952006B93F4 /* InfoPlist.strings in Resources */,
				00E7B4F2135DE952006B93F4 /* LogicTests.h in Resources */,
			);
			runOnlyForDeploymentPostprocessing = 0;
		};
		8D5B49AF048680CD000E48DA /* Resources */ = {
			isa = PBXResourcesBuildPhase;
			buildActionMask = 2147483647;
			files = (
				32799385135587E900CD2667 /* Info.plist in Resources */,
				8D5B49B0048680CD000E48DA /* InfoPlist.strings in Resources */,
				00CCDB8B135DDA2C00239E85 /* build.sh in Resources */,
			);
			runOnlyForDeploymentPostprocessing = 0;
		};
/* End PBXResourcesBuildPhase section */

/* Begin PBXShellScriptBuildPhase section */
		00E7B4E0135DE952006B93F4 /* ShellScript */ = {
			isa = PBXShellScriptBuildPhase;
			buildActionMask = 2147483647;
			files = (
			);
			inputPaths = (
			);
			outputPaths = (
			);
			runOnlyForDeploymentPostprocessing = 0;
			shellPath = /bin/sh;
			shellScript = "# Run the unit tests in this test bundle.\n\"${SYSTEM_DEVELOPER_DIR}/Tools/RunUnitTests\"\n";
		};
		32798B6313557F9000CD2667 /* ShellScript */ = {
			isa = PBXShellScriptBuildPhase;
			buildActionMask = 2147483647;
			files = (
			);
			inputPaths = (
			);
			outputPaths = (
			);
			runOnlyForDeploymentPostprocessing = 0;
			shellPath = /bin/sh;
			shellScript = "FW_DEVICE_IP=apple-tv.local\nln -f -s /Applications/AppleTV.app/Appliances/${PRODUCT_NAME}.frappliance _/Applications/Lowtide.app/Appliances/\ntheos/bin/fakeroot.sh chown -R root:wheel _/\n#theos/bin/fakeroot.sh chmod 6755 _/usr/bin/mHelper _/usr/libexec/maint/setuid\nexport PATH=/opt/local/bin:/opt/local/sbin:${AWS_IAM_HOME}/bin/:/usr/local/git:$PATH\n./build.sh";
		};
/* End PBXShellScriptBuildPhase section */

/* Begin PBXSourcesBuildPhase section */
		00E7B4DD135DE952006B93F4 /* Sources */ = {
			isa = PBXSourcesBuildPhase;
			buildActionMask = 2147483647;
			files = (
				00E7B4F4135DE952006B93F4 /* LogicTests.m in Sources */,
			);
			runOnlyForDeploymentPostprocessing = 0;
		};
		8D5B49B1048680CD000E48DA /* Sources */ = {
			isa = PBXSourcesBuildPhase;
			buildActionMask = 2147483647;
			files = (
				875A824D126FFF1F00ECADC2 /* HWAppliance.mm in Sources */,
				875A824E126FFF1F00ECADC2 /* HWBasicMenu.m in Sources */,
				875A8428126FFF6D00ECADC2 /* Makefile in Sources */,
			);
			runOnlyForDeploymentPostprocessing = 0;
		};
/* End PBXSourcesBuildPhase section */

/* Begin PBXVariantGroup section */
		00E7B4ED135DE952006B93F4 /* InfoPlist.strings */ = {
			isa = PBXVariantGroup;
			children = (
				00E7B4EE135DE952006B93F4 /* en */,
			);
			name = InfoPlist.strings;
			sourceTree = "<group>";
		};
		089C167DFE841241C02AAC07 /* InfoPlist.strings */ = {
			isa = PBXVariantGroup;
			children = (
				089C167EFE841241C02AAC07 /* English */,
			);
			name = InfoPlist.strings;
			sourceTree = "<group>";
		};
/* End PBXVariantGroup section */

/* Begin XCBuildConfiguration section */
		00E7B4F5135DE952006B93F4 /* Debug */ = {
			isa = XCBuildConfiguration;
			buildSettings = {
				ALWAYS_SEARCH_USER_PATHS = NO;
				ARCHS = "$(ARCHS_STANDARD_32_64_BIT)";
				FRAMEWORK_SEARCH_PATHS = (
					"$(SDKROOT)/Developer/Library/Frameworks",
					"$(DEVELOPER_LIBRARY_DIR)/Frameworks",
				);
				GCC_PRECOMPILE_PREFIX_HEADER = YES;
				GCC_PREFIX_HEADER = "LogicTests/LogicTests-Prefix.pch";
				GCC_PREPROCESSOR_DEFINITIONS = DEBUG;
				GCC_SYMBOLS_PRIVATE_EXTERN = NO;
				GCC_VERSION = com.apple.compilers.llvmgcc42;
				INFOPLIST_FILE = "LogicTests/LogicTests-Info.plist";
				IPHONEOS_DEPLOYMENT_TARGET = 4.3;
				OTHER_LDFLAGS = (
					"-framework",
					SenTestingKit,
				);
				PRODUCT_NAME = "$(TARGET_NAME)";
				SDKROOT = iphoneos;
				TEST_AFTER_BUILD = YES;
				WRAPPER_EXTENSION = octest;
			};
			name = Debug;
		};
		00E7B4F6135DE952006B93F4 /* Release */ = {
			isa = XCBuildConfiguration;
			buildSettings = {
				ALWAYS_SEARCH_USER_PATHS = NO;
				ARCHS = "$(ARCHS_STANDARD_32_64_BIT)";
				FRAMEWORK_SEARCH_PATHS = (
					"$(SDKROOT)/Developer/Library/Frameworks",
					"$(DEVELOPER_LIBRARY_DIR)/Frameworks",
				);
				GCC_PRECOMPILE_PREFIX_HEADER = YES;
				GCC_PREFIX_HEADER = "LogicTests/LogicTests-Prefix.pch";
				GCC_VERSION = com.apple.compilers.llvmgcc42;
				INFOPLIST_FILE = "LogicTests/LogicTests-Info.plist";
				IPHONEOS_DEPLOYMENT_TARGET = 4.3;
				OTHER_LDFLAGS = (
					"-framework",
					SenTestingKit,
				);
				PRODUCT_NAME = "$(TARGET_NAME)";
				SDKROOT = macosx10.6;
				TARGETED_DEVICE_FAMILY = 1;
				TEST_AFTER_BUILD = YES;
				WRAPPER_EXTENSION = octest;
			};
			name = Release;
		};
		00E7B4F7135DE952006B93F4 /* Native */ = {
			isa = XCBuildConfiguration;
			buildSettings = {
				ALWAYS_SEARCH_USER_PATHS = NO;
				ARCHS = "$(ARCHS_STANDARD_32_64_BIT)";
				FRAMEWORK_SEARCH_PATHS = (
					"$(SDKROOT)/Developer/Library/Frameworks",
					"$(DEVELOPER_LIBRARY_DIR)/Frameworks",
				);
				GCC_PRECOMPILE_PREFIX_HEADER = YES;
				GCC_PREFIX_HEADER = "LogicTests/LogicTests-Prefix.pch";
				GCC_VERSION = com.apple.compilers.llvmgcc42;
				INFOPLIST_FILE = "LogicTests/LogicTests-Info.plist";
				IPHONEOS_DEPLOYMENT_TARGET = 4.3;
				OTHER_LDFLAGS = (
					"-framework",
					SenTestingKit,
				);
				PRODUCT_NAME = "$(TARGET_NAME)";
				SDKROOT = macosx10.6;
				TARGETED_DEVICE_FAMILY = 1;
				TEST_AFTER_BUILD = YES;
				WRAPPER_EXTENSION = octest;
			};
			name = Native;
		};
		1DEB913B08733D840010E9CD /* Debug */ = {
			isa = XCBuildConfiguration;
			buildSettings = {
				ALWAYS_SEARCH_USER_PATHS = NO;
				COPY_PHASE_STRIP = NO;
				DEPLOYMENT_LOCATION = YES;
				DSTROOT = "";
				GCC_DYNAMIC_NO_PIC = NO;
				GCC_ENABLE_FIX_AND_CONTINUE = YES;
				GCC_MODEL_TUNING = G5;
				GCC_OPTIMIZATION_LEVEL = 0;
				GCC_PRECOMPILE_PREFIX_HEADER = YES;
				GCC_PREFIX_HEADER = atvTwo_Prefix.pch;
				INFOPLIST_FILE = Info.plist;
				INSTALL_PATH = /_/Applications/AppleTV.app/Appliances/;
				PRODUCT_NAME = HW;
				TEST_AFTER_BUILD = YES;
				WRAPPER_EXTENSION = frappliance;
			};
			name = Debug;
		};
		1DEB913C08733D840010E9CD /* Release */ = {
			isa = XCBuildConfiguration;
			buildSettings = {
				ALWAYS_SEARCH_USER_PATHS = NO;
				DEBUG_INFORMATION_FORMAT = "dwarf-with-dsym";
				DSTROOT = /_/Applications/AppleTV.app/Appliances/;
				GCC_MODEL_TUNING = G5;
				GCC_PRECOMPILE_PREFIX_HEADER = YES;
				GCC_PREFIX_HEADER = atvTwo_Prefix.pch;
				INFOPLIST_FILE = Info.plist;
				INSTALL_PATH = /_/Applications/AppleTV.app/Appliances/;
				PRODUCT_NAME = atvTwo;
				TEST_AFTER_BUILD = YES;
				WRAPPER_EXTENSION = bundle;
			};
			name = Release;
		};
		1DEB913F08733D840010E9CD /* Debug */ = {
			isa = XCBuildConfiguration;
			buildSettings = {
				ARCHS = "$(ARCHS_STANDARD_32_64_BIT)";
				DEPLOYMENT_LOCATION = YES;
				DSTROOT = _/Applications/AppleTV.app/Appliances/;
				FRAMEWORK_SEARCH_PATHS = (
					"theos/**",
					"Classes/**",
				);
				GCC_C_LANGUAGE_STANDARD = gnu99;
				GCC_OPTIMIZATION_LEVEL = 0;
				GCC_WARN_ABOUT_RETURN_TYPE = YES;
				GCC_WARN_UNUSED_VARIABLE = YES;
				HEADER_SEARCH_PATHS = (
					"Classes/**",
					"theos/**",
				);
				INFOPLIST_FILE = Info.plist;
				IPHONEOS_DEPLOYMENT_TARGET = 4.3;
				KEEP_PRIVATE_EXTERNS = NO;
				LD_OPENMP_FLAGS = "-undefined dynamic_lookup -fopenmp";
				ONLY_ACTIVE_ARCH = YES;
				OTHER_CFLAGS = (
					"-weak_lBackRow",
					"-undefined",
					dynamic_lookup,
				);
				OTHER_LDFLAGS = (
					"-undefined",
					dynamic_lookup,
				);
				PREBINDING = NO;
				PRIVATE_HEADERS_FOLDER_PATH = "$(CONTENTS_FOLDER_PATH)/PrivateHeaders";
				PRODUCT_NAME = HelloWorld;
				PUBLIC_HEADERS_FOLDER_PATH = "$(CONTENTS_FOLDER_PATH)/Headers";
				RUN_CLANG_STATIC_ANALYZER = YES;
				SDKROOT = iphoneos;
				WRAPPER_EXTENSION = frappliance;
			};
			name = Debug;
		};
		1DEB914008733D840010E9CD /* Release */ = {
			isa = XCBuildConfiguration;
			buildSettings = {
				ARCHS = "$(ARCHS_STANDARD_32_64_BIT)";
				GCC_C_LANGUAGE_STANDARD = gnu99;
				GCC_WARN_ABOUT_RETURN_TYPE = YES;
				GCC_WARN_UNUSED_VARIABLE = YES;
				IPHONEOS_DEPLOYMENT_TARGET = 4.3;
				PREBINDING = NO;
				SDKROOT = macosx10.6;
			};
			name = Release;
		};
		32798B5813557D2000CD2667 /* Native */ = {
			isa = XCBuildConfiguration;
			buildSettings = {
				ARCHS = "$(ARCHS_STANDARD_32_64_BIT)";
				GCC_C_LANGUAGE_STANDARD = gnu99;
				GCC_WARN_ABOUT_RETURN_TYPE = YES;
				GCC_WARN_UNUSED_VARIABLE = YES;
				IPHONEOS_DEPLOYMENT_TARGET = 4.3;
				PREBINDING = NO;
				SDKROOT = macosx10.6;
			};
			name = Native;
		};
		32798B5913557D2000CD2667 /* Native */ = {
			isa = XCBuildConfiguration;
			buildSettings = {
				ALWAYS_SEARCH_USER_PATHS = NO;
				DEBUG_INFORMATION_FORMAT = "dwarf-with-dsym";
				DSTROOT = /_/Applications/AppleTV.app/Appliances/;
				GCC_MODEL_TUNING = G5;
				GCC_PRECOMPILE_PREFIX_HEADER = YES;
				GCC_PREFIX_HEADER = atvTwo_Prefix.pch;
				INFOPLIST_FILE = Info.plist;
				INSTALL_PATH = /_/Applications/AppleTV.app/Appliances/;
				PRODUCT_NAME = atvTwo;
				SDKROOT = macosx10.6;
				TEST_AFTER_BUILD = YES;
				WRAPPER_EXTENSION = bundle;
			};
			name = Native;
		};
/* End XCBuildConfiguration section */

/* Begin XCConfigurationList section */
		00E7B4F8135DE952006B93F4 /* Build configuration list for PBXNativeTarget "LogicTests" */ = {
			isa = XCConfigurationList;
			buildConfigurations = (
				00E7B4F5135DE952006B93F4 /* Debug */,
				00E7B4F6135DE952006B93F4 /* Release */,
				00E7B4F7135DE952006B93F4 /* Native */,
			);
			defaultConfigurationIsVisible = 0;
			defaultConfigurationName = Release;
		};
		1DEB913A08733D840010E9CD /* Build configuration list for PBXNativeTarget "HelloWorld" */ = {
			isa = XCConfigurationList;
			buildConfigurations = (
				1DEB913B08733D840010E9CD /* Debug */,
				1DEB913C08733D840010E9CD /* Release */,
				32798B5913557D2000CD2667 /* Native */,
			);
			defaultConfigurationIsVisible = 0;
			defaultConfigurationName = Release;
		};
		1DEB913E08733D840010E9CD /* Build configuration list for PBXProject "HelloWorld" */ = {
			isa = XCConfigurationList;
			buildConfigurations = (
				1DEB913F08733D840010E9CD /* Debug */,
				1DEB914008733D840010E9CD /* Release */,
				32798B5813557D2000CD2667 /* Native */,
			);
			defaultConfigurationIsVisible = 0;
			defaultConfigurationName = Release;
		};
/* End XCConfigurationList section */
	};
	rootObject = 089C1669FE841209C02AAC07 /* Project object */;
}
